
Microsoft Visual Studio Solution File, Format Version 12.00
# Visual Studio Version 17
VisualStudioVersion = 17.7.34031.279
MinimumVisualStudioVersion = 10.0.40219.1
Project("{FAE04EC0-301F-11D3-BF4B-00C04F79EFBC}") = "Phase1Section4.15", "Phase1Section4.15\Phase1Section4.15.csproj", "{BDA40FCF-2467-4A41-AFF5-AB27A08D1835}"
EndProject
Global
	GlobalSection(SolutionConfigurationPlatforms) = preSolution
		Debug|Any CPU = Debug|Any CPU
		Release|Any CPU = Release|Any CPU
	EndGlobalSection
	GlobalSection(ProjectConfigurationPlatforms) = postSolution
		{BDA40FCF-2467-4A41-AFF5-AB27A08D1835}.Debug|Any CPU.ActiveCfg = Debug|Any CPU
		{BDA40FCF-2467-4A41-AFF5-AB27A08D1835}.Debug|Any CPU.Build.0 = Debug|Any CPU
		{BDA40FCF-2467-4A41-AFF5-AB27A08D1835}.Release|Any CPU.ActiveCfg = Release|Any CPU
		{BDA40FCF-2467-4A41-AFF5-AB27A08D1835}.Release|Any CPU.Build.0 = Release|Any CPU
	EndGlobalSection
	GlobalSection(SolutionProperties) = preSolution
		HideSolutionNode = FALSE
	EndGlobalSection
	GlobalSection(ExtensibilityGlobals) = postSolution
		SolutionGuid = {EEE1F863-7765-4380-A9DB-809A862983F0}
	EndGlobalSection
EndGlobal
